
Microsoft Visual Studio Solution File, Format Version 12.00
# Visual Studio Version 17
VisualStudioVersion = 17.5.33516.290
MinimumVisualStudioVersion = 10.0.40219.1
Project("{FAE04EC0-301F-11D3-BF4B-00C04F79EFBC}") = "IFPACompanionSlack", "IFPACompanionSlack\IFPACompanionSlack.csproj", "{EB523254-3C77-4F9B-8B2B-885D453C8E37}"
EndProject
Global
	GlobalSection(SolutionConfigurationPlatforms) = preSolution
		Debug|Any CPU = Debug|Any CPU
		Release|Any CPU = Release|Any CPU
	EndGlobalSection
	GlobalSection(ProjectConfigurationPlatforms) = postSolution
		{EB523254-3C77-4F9B-8B2B-885D453C8E37}.Debug|Any CPU.ActiveCfg = Debug|Any CPU
		{EB523254-3C77-4F9B-8B2B-885D453C8E37}.Debug|Any CPU.Build.0 = Debug|Any CPU
		{EB523254-3C77-4F9B-8B2B-885D453C8E37}.Release|Any CPU.ActiveCfg = Release|Any CPU
		{EB523254-3C77-4F9B-8B2B-885D453C8E37}.Release|Any CPU.Build.0 = Release|Any CPU
	EndGlobalSection
	GlobalSection(SolutionProperties) = preSolution
		HideSolutionNode = FALSE
	EndGlobalSection
	GlobalSection(ExtensibilityGlobals) = postSolution
		SolutionGuid = {B40B023E-A450-4112-BA39-B5C559F7A8EF}
	EndGlobalSection
EndGlobal
